
Microsoft Visual Studio Solution File, Format Version 12.00
# Visual Studio Version 17
VisualStudioVersion = 17.0.31919.166
MinimumVisualStudioVersion = 10.0.40219.1
Project("{9A19103F-16F7-4668-BE54-9A1E7A4F7556}") = "DBControl", "DBControl\DBControl.csproj", "{9BAA6A86-8807-4788-84C3-E33F614EFA6B}"
EndProject
Project("{9A19103F-16F7-4668-BE54-9A1E7A4F7556}") = "DiagramGenerator", "..\DiagramGenerator\DiagramGenerator\DiagramGenerator\DiagramGenerator.csproj", "{873F4400-B76A-411C-B04B-8415CB73D6DD}"
EndProject
Global
	GlobalSection(SolutionConfigurationPlatforms) = preSolution
		Debug|Any CPU = Debug|Any CPU
		Release|Any CPU = Release|Any CPU
	EndGlobalSection
	GlobalSection(ProjectConfigurationPlatforms) = postSolution
		{9BAA6A86-8807-4788-84C3-E33F614EFA6B}.Debug|Any CPU.ActiveCfg = Debug|Any CPU
		{9BAA6A86-8807-4788-84C3-E33F614EFA6B}.Debug|Any CPU.Build.0 = Debug|Any CPU
		{9BAA6A86-8807-4788-84C3-E33F614EFA6B}.Release|Any CPU.ActiveCfg = Release|Any CPU
		{9BAA6A86-8807-4788-84C3-E33F614EFA6B}.Release|Any CPU.Build.0 = Release|Any CPU
		{873F4400-B76A-411C-B04B-8415CB73D6DD}.Debug|Any CPU.ActiveCfg = Debug|Any CPU
		{873F4400-B76A-411C-B04B-8415CB73D6DD}.Debug|Any CPU.Build.0 = Debug|Any CPU
		{873F4400-B76A-411C-B04B-8415CB73D6DD}.Release|Any CPU.ActiveCfg = Release|Any CPU
		{873F4400-B76A-411C-B04B-8415CB73D6DD}.Release|Any CPU.Build.0 = Release|Any CPU
	EndGlobalSection
	GlobalSection(SolutionProperties) = preSolution
		HideSolutionNode = FALSE
	EndGlobalSection
	GlobalSection(ExtensibilityGlobals) = postSolution
		SolutionGuid = {60FBF9E9-4842-448F-9271-502FB1E80705}
	EndGlobalSection
EndGlobal
